
Microsoft Visual Studio Solution File, Format Version 12.00
# Visual Studio Version 17
Project("{8BC9CEB8-8B4A-11D0-8D11-00A0C91BC942}") = "ALL_BUILD", "ALL_BUILD.vcxproj", "{0F746882-2AC5-326F-9C08-4681E531C7DD}"
	ProjectSection(ProjectDependencies) = postProject
		{F68D25B3-5505-39D1-BFA6-505A3DF31C69} = {F68D25B3-5505-39D1-BFA6-505A3DF31C69}
		{F374B778-034B-3721-AA4B-9C73C46421DB} = {F374B778-034B-3721-AA4B-9C73C46421DB}
	EndProjectSection
EndProject
Project("{8BC9CEB8-8B4A-11D0-8D11-00A0C91BC942}") = "INSTALL", "INSTALL.vcxproj", "{6504122C-E1D0-356C-8039-DC6718ABBA0D}"
	ProjectSection(ProjectDependencies) = postProject
		{0F746882-2AC5-326F-9C08-4681E531C7DD} = {0F746882-2AC5-326F-9C08-4681E531C7DD}
		{F68D25B3-5505-39D1-BFA6-505A3DF31C69} = {F68D25B3-5505-39D1-BFA6-505A3DF31C69}
	EndProjectSection
EndProject
Project("{8BC9CEB8-8B4A-11D0-8D11-00A0C91BC942}") = "ZERO_CHECK", "..\\ZERO_CHECK.vcxproj", "{F68D25B3-5505-39D1-BFA6-505A3DF31C69}"
	ProjectSection(ProjectDependencies) = postProject
	EndProjectSection
EndProject
Project("{8BC9CEB8-8B4A-11D0-8D11-00A0C91BC942}") = "flutter_assemble", "..\flutter\flutter_assemble.vcxproj", "{235913AC-3FE0-3E12-9FFD-8729C49D80ED}"
	ProjectSection(ProjectDependencies) = postProject
		{F68D25B3-5505-39D1-BFA6-505A3DF31C69} = {F68D25B3-5505-39D1-BFA6-505A3DF31C69}
	EndProjectSection
EndProject
Project("{8BC9CEB8-8B4A-11D0-8D11-00A0C91BC942}") = "flutter_wrapper_app", "..\flutter\flutter_wrapper_app.vcxproj", "{1CB389AE-71A6-3983-AB90-EF1FAF76CA2C}"
	ProjectSection(ProjectDependencies) = postProject
		{F68D25B3-5505-39D1-BFA6-505A3DF31C69} = {F68D25B3-5505-39D1-BFA6-505A3DF31C69}
		{235913AC-3FE0-3E12-9FFD-8729C49D80ED} = {235913AC-3FE0-3E12-9FFD-8729C49D80ED}
	EndProjectSection
EndProject
Project("{8BC9CEB8-8B4A-11D0-8D11-00A0C91BC942}") = "threed_printer_calculator", "threed_printer_calculator.vcxproj", "{F374B778-034B-3721-AA4B-9C73C46421DB}"
	ProjectSection(ProjectDependencies) = postProject
		{F68D25B3-5505-39D1-BFA6-505A3DF31C69} = {F68D25B3-5505-39D1-BFA6-505A3DF31C69}
		{235913AC-3FE0-3E12-9FFD-8729C49D80ED} = {235913AC-3FE0-3E12-9FFD-8729C49D80ED}
		{1CB389AE-71A6-3983-AB90-EF1FAF76CA2C} = {1CB389AE-71A6-3983-AB90-EF1FAF76CA2C}
	EndProjectSection
EndProject
Global
	GlobalSection(SolutionConfigurationPlatforms) = preSolution
		Debug|x64 = Debug|x64
		Profile|x64 = Profile|x64
		Release|x64 = Release|x64
	EndGlobalSection
	GlobalSection(ProjectConfigurationPlatforms) = postSolution
		{0F746882-2AC5-326F-9C08-4681E531C7DD}.Debug|x64.ActiveCfg = Debug|x64
		{0F746882-2AC5-326F-9C08-4681E531C7DD}.Debug|x64.Build.0 = Debug|x64
		{0F746882-2AC5-326F-9C08-4681E531C7DD}.Profile|x64.ActiveCfg = Profile|x64
		{0F746882-2AC5-326F-9C08-4681E531C7DD}.Profile|x64.Build.0 = Profile|x64
		{0F746882-2AC5-326F-9C08-4681E531C7DD}.Release|x64.ActiveCfg = Release|x64
		{0F746882-2AC5-326F-9C08-4681E531C7DD}.Release|x64.Build.0 = Release|x64
		{6504122C-E1D0-356C-8039-DC6718ABBA0D}.Debug|x64.ActiveCfg = Debug|x64
		{6504122C-E1D0-356C-8039-DC6718ABBA0D}.Profile|x64.ActiveCfg = Profile|x64
		{6504122C-E1D0-356C-8039-DC6718ABBA0D}.Release|x64.ActiveCfg = Release|x64
		{F68D25B3-5505-39D1-BFA6-505A3DF31C69}.Debug|x64.ActiveCfg = Debug|x64
		{F68D25B3-5505-39D1-BFA6-505A3DF31C69}.Debug|x64.Build.0 = Debug|x64
		{F68D25B3-5505-39D1-BFA6-505A3DF31C69}.Profile|x64.ActiveCfg = Profile|x64
		{F68D25B3-5505-39D1-BFA6-505A3DF31C69}.Profile|x64.Build.0 = Profile|x64
		{F68D25B3-5505-39D1-BFA6-505A3DF31C69}.Release|x64.ActiveCfg = Release|x64
		{F68D25B3-5505-39D1-BFA6-505A3DF31C69}.Release|x64.Build.0 = Release|x64
		{235913AC-3FE0-3E12-9FFD-8729C49D80ED}.Debug|x64.ActiveCfg = Debug|x64
		{235913AC-3FE0-3E12-9FFD-8729C49D80ED}.Debug|x64.Build.0 = Debug|x64
		{235913AC-3FE0-3E12-9FFD-8729C49D80ED}.Profile|x64.ActiveCfg = Profile|x64
		{235913AC-3FE0-3E12-9FFD-8729C49D80ED}.Profile|x64.Build.0 = Profile|x64
		{235913AC-3FE0-3E12-9FFD-8729C49D80ED}.Release|x64.ActiveCfg = Release|x64
		{235913AC-3FE0-3E12-9FFD-8729C49D80ED}.Release|x64.Build.0 = Release|x64
		{1CB389AE-71A6-3983-AB90-EF1FAF76CA2C}.Debug|x64.ActiveCfg = Debug|x64
		{1CB389AE-71A6-3983-AB90-EF1FAF76CA2C}.Debug|x64.Build.0 = Debug|x64
		{1CB389AE-71A6-3983-AB90-EF1FAF76CA2C}.Profile|x64.ActiveCfg = Profile|x64
		{1CB389AE-71A6-3983-AB90-EF1FAF76CA2C}.Profile|x64.Build.0 = Profile|x64
		{1CB389AE-71A6-3983-AB90-EF1FAF76CA2C}.Release|x64.ActiveCfg = Release|x64
		{1CB389AE-71A6-3983-AB90-EF1FAF76CA2C}.Release|x64.Build.0 = Release|x64
		{F374B778-034B-3721-AA4B-9C73C46421DB}.Debug|x64.ActiveCfg = Debug|x64
		{F374B778-034B-3721-AA4B-9C73C46421DB}.Debug|x64.Build.0 = Debug|x64
		{F374B778-034B-3721-AA4B-9C73C46421DB}.Profile|x64.ActiveCfg = Profile|x64
		{F374B778-034B-3721-AA4B-9C73C46421DB}.Profile|x64.Build.0 = Profile|x64
		{F374B778-034B-3721-AA4B-9C73C46421DB}.Release|x64.ActiveCfg = Release|x64
		{F374B778-034B-3721-AA4B-9C73C46421DB}.Release|x64.Build.0 = Release|x64
	EndGlobalSection
	GlobalSection(ExtensibilityGlobals) = postSolution
		SolutionGuid = {DB7DDF86-7F2E-35C8-931B-ED0A440C0887}
	EndGlobalSection
	GlobalSection(ExtensibilityAddIns) = postSolution
	EndGlobalSection
EndGlobal
